
Microsoft Visual Studio Solution File, Format Version 12.00
# Visual Studio 15
VisualStudioVersion = 15.0.28010.2036
MinimumVisualStudioVersion = 10.0.40219.1
Project("{FAE04EC0-301F-11D3-BF4B-00C04F79EFBC}") = "TramTimes", "TramTimes\TramTimes.csproj", "{A6AE7EEA-E187-4F1E-86F6-7C0680E33052}"
EndProject
Global
	GlobalSection(SolutionConfigurationPlatforms) = preSolution
		Debug|Any CPU = Debug|Any CPU
		Release|Any CPU = Release|Any CPU
	EndGlobalSection
	GlobalSection(ProjectConfigurationPlatforms) = postSolution
		{A6AE7EEA-E187-4F1E-86F6-7C0680E33052}.Debug|Any CPU.ActiveCfg = Debug|Any CPU
		{A6AE7EEA-E187-4F1E-86F6-7C0680E33052}.Debug|Any CPU.Build.0 = Debug|Any CPU
		{A6AE7EEA-E187-4F1E-86F6-7C0680E33052}.Release|Any CPU.ActiveCfg = Release|Any CPU
		{A6AE7EEA-E187-4F1E-86F6-7C0680E33052}.Release|Any CPU.Build.0 = Release|Any CPU
	EndGlobalSection
	GlobalSection(SolutionProperties) = preSolution
		HideSolutionNode = FALSE
	EndGlobalSection
	GlobalSection(ExtensibilityGlobals) = postSolution
		SolutionGuid = {E1C5E4F2-5A94-4093-A5E4-5148BD3A511E}
	EndGlobalSection
EndGlobal
